Microsoft Visual Studio Solution File, Format Version 12.00
# Visual Studio 2012
Project("{FAE04EC0-301F-11D3-BF4B-00C04F79EFBC}") = "Cotton Or Else", "Cotton Or Else.csproj", "{175E63FE-C097-4554-A4E7-F9E5C999821C}"
EndProject
Global
	GlobalSection(SolutionConfigurationPlatforms) = preSolution
	Debug|Any CPU = Debug|Any CPU
	ExportDebug|Any CPU = ExportDebug|Any CPU
	ExportRelease|Any CPU = ExportRelease|Any CPU
	EndGlobalSection
	GlobalSection(ProjectConfigurationPlatforms) = postSolution
		{175E63FE-C097-4554-A4E7-F9E5C999821C}.Debug|Any CPU.ActiveCfg = Debug|Any CPU
		{175E63FE-C097-4554-A4E7-F9E5C999821C}.Debug|Any CPU.Build.0 = Debug|Any CPU
		{175E63FE-C097-4554-A4E7-F9E5C999821C}.ExportDebug|Any CPU.ActiveCfg = ExportDebug|Any CPU
		{175E63FE-C097-4554-A4E7-F9E5C999821C}.ExportDebug|Any CPU.Build.0 = ExportDebug|Any CPU
		{175E63FE-C097-4554-A4E7-F9E5C999821C}.ExportRelease|Any CPU.ActiveCfg = ExportRelease|Any CPU
		{175E63FE-C097-4554-A4E7-F9E5C999821C}.ExportRelease|Any CPU.Build.0 = ExportRelease|Any CPU
	EndGlobalSection
EndGlobal
